# This file is automatically @generated by Poetry 2.3.4 and should not be changed by hand.

[[package]]
name = "anyio"
version = "4.13.0"
description = "High-level concurrency and networking framework on top of asyncio or Trio"
optional = false
python-versions = ">=3.10"
groups = ["main"]
files = [
    {file = "anyio-4.13.0-py3-none-any.whl", hash = "sha256:08b310f9e24a9594186fd75b4f73f4a4152069e3853f1ed8bfbf58369f4ad708"},
    {file = "anyio-4.13.0.tar.gz", hash = "sha256:334b70e641fd2221c1505b3890c69882fe4a2df910cba14d97019b90b24439dc"},
]

[package.dependencies]
exceptiongroup = {version = ">=1.0.2", markers = "python_version < \"3.11\""}
idna = ">=2.8"
typing_extensions = {version = ">=4.5", markers = "python_version < \"3.13\""}

[package.extras]
trio = ["trio (>=0.32.0)"]

[[package]]
name = "apscheduler"
version = "3.11.2"
description = "In-process task scheduler with Cron-like capabilities"
optional = false
python-versions = ">=3.8"
groups = ["main"]
files = [
    {file = "apscheduler-3.11.2-py3-none-any.whl", hash = "sha256:ce005177f741409db4e4dd40a7431b76feb856b9dd69d57e0da49d6715bfd26d"},
    {file = "apscheduler-3.11.2.tar.gz", hash = "sha256:2a9966b052ec805f020c8c4c3ae6e6a06e24b1bf19f2e11d91d8cca0473eef41"},
]

[package.dependencies]
tzlocal = ">=3.0"

[package.extras]
doc = ["packaging", "sphinx", "sphinx-rtd-theme (>=1.3.0)"]
etcd = ["etcd3", "protobuf (<=3.21.0)"]
gevent = ["gevent"]
mongodb = ["pymongo (>=3.0)"]
redis = ["redis (>=3.0)"]
rethinkdb = ["rethinkdb (>=2.4.0)"]
sqlalchemy = ["sqlalchemy (>=1.4)"]
test = ["APScheduler[etcd,mongodb,redis,rethinkdb,sqlalchemy,tornado,zookeeper]", "PySide6 ; platform_python_implementation == \"CPython\" and python_version < \"3.14\"", "anyio (>=4.5.2)", "gevent ; python_version < \"3.14\"", "pytest", "pytest-timeout", "pytz", "twisted ; python_version < \"3.14\""]
tornado = ["tornado (>=4.3)"]
twisted = ["twisted"]
zookeeper = ["kazoo"]

[[package]]
name = "certifi"
version = "2023.7.22"
description = "Python package for providing Mozilla's CA Bundle."
optional = false
python-versions = ">=3.6"
groups = ["main"]
files = [
    {file = "certifi-2023.7.22-py3-none-any.whl", hash = "sha256:92d6037539857d8206b8f6ae472e8b77db8058fec5937a1ef3f54304089edbb9"},
    {file = "certifi-2023.7.22.tar.gz", hash = "sha256:539cc1d13202e33ca466e88b2807e29f4c13049d6d87031a3c110744495cb082"},
]

[[package]]
name = "exceptiongroup"
version = "1.3.1"
description = "Backport of PEP 654 (exception groups)"
optional = false
python-versions = ">=3.7"
groups = ["main"]
markers = "python_version == \"3.10\""
files = [
    {file = "exceptiongroup-1.3.1-py3-none-any.whl", hash = "sha256:a7a39a3bd276781e98394987d3a5701d0c4edffb633bb7a5144577f82c773598"},
    {file = "exceptiongroup-1.3.1.tar.gz", hash = "sha256:8b412432c6055b0b7d14c310000ae93352ed6754f70fa8f7c34141f91c4e3219"},
]

[package.dependencies]
typing-extensions = {version = ">=4.6.0", markers = "python_version < \"3.13\""}

[package.extras]
test = ["pytest (>=6)"]

[[package]]
name = "h11"
version = "0.16.0"
description = "A pure-Python, bring-your-own-I/O implementation of HTTP/1.1"
optional = false
python-versions = ">=3.8"
groups = ["main"]
files = [
    {file = "h11-0.16.0-py3-none-any.whl", hash = "sha256:63cf8bbe7522de3bf65932fda1d9c2772064ffb3dae62d55932da54b31cb6c86"},
    {file = "h11-0.16.0.tar.gz", hash = "sha256:4e35b956cf45792e4caa5885e69fba00bdbc6ffafbfa020300e549b208ee5ff1"},
]

[[package]]
name = "httpcore"
version = "1.0.9"
description = "A minimal low-level HTTP client."
optional = false
python-versions = ">=3.8"
groups = ["main"]
files = [
    {file = "httpcore-1.0.9-py3-none-any.whl", hash = "sha256:2d400746a40668fc9dec9810239072b40b4484b640a8c38fd654a024c7a1bf55"},
    {file = "httpcore-1.0.9.tar.gz", hash = "sha256:6e34463af53fd2ab5d807f399a9b45ea31c3dfa2276f15a2c3f00afff6e176e8"},
]

[package.dependencies]
certifi = "*"
h11 = ">=0.16"

[package.extras]
asyncio = ["anyio (>=4.0,<5.0)"]
http2 = ["h2 (>=3,<5)"]
socks = ["socksio (==1.*)"]
trio = ["trio (>=0.22.0,<1.0)"]

[[package]]
name = "httpx"
version = "0.28.1"
description = "The next generation HTTP client."
optional = false
python-versions = ">=3.8"
groups = ["main"]
files = [
    {file = "httpx-0.28.1-py3-none-any.whl", hash = "sha256:d909fcccc110f8c7faf814ca82a9a4d816bc5a6dbfea25d6591d6985b8ba59ad"},
    {file = "httpx-0.28.1.tar.gz", hash = "sha256:75e98c5f16b0f35b567856f597f06ff2270a374470a5c2392242528e3e3e42fc"},
]

[package.dependencies]
anyio = "*"
certifi = "*"
httpcore = "==1.*"
idna = "*"

[package.extras]
brotli = ["brotli ; platform_python_implementation == \"CPython\"", "brotlicffi ; platform_python_implementation != \"CPython\""]
cli = ["click (==8.*)", "pygments (==2.*)", "rich (>=10,<14)"]
http2 = ["h2 (>=3,<5)"]
socks = ["socksio (==1.*)"]
zstd = ["zstandard (>=0.18.0)"]

[[package]]
name = "idna"
version = "3.4"
description = "Internationalized Domain Names in Applications (IDNA)"
optional = false
python-versions = ">=3.5"
groups = ["main"]
files = [
    {file = "idna-3.4-py3-none-any.whl", hash = "sha256:90b77e79eaa3eba6de819a0c442c0b4ceefc341a7a2ab77d7562bf49f425c5c2"},
    {file = "idna-3.4.tar.gz", hash = "sha256:814f528e8dead7d329833b91c5faa87d60bf71824cd12a7530b5526063d02cb4"},
]

[[package]]
name = "python-telegram-bot"
version = "22.7"
description = "We have made you a wrapper you can't refuse"
optional = false
python-versions = ">=3.10"
groups = ["main"]
files = [
    {file = "python_telegram_bot-22.7-py3-none-any.whl", hash = "sha256:d72eed532cf763758cd9331b57a6d790aff0bb4d37d8f4e92149436fe21c6475"},
    {file = "python_telegram_bot-22.7.tar.gz", hash = "sha256:784b59ea3852fe4616ad63b4a0264c755637f5d725e87755ecdee28300febf61"},
]

[package.dependencies]
httpx = ">=0.27,<0.29"

[package.extras]
all = ["aiolimiter (>=1.1,<1.3)", "apscheduler (>=3.10.4,<3.12.0)", "cachetools (>=7.0.0,<8.0.0)", "cffi (>=1.17.0rc1) ; python_version > \"3.12\"", "cryptography (>=39.0.1)", "httpx[http2]", "httpx[socks]", "tornado (>=6.5,<7.0)"]
callback-data = ["cachetools (>=7.0.0,<8.0.0)"]
ext = ["aiolimiter (>=1.1,<1.3)", "apscheduler (>=3.10.4,<3.12.0)", "cachetools (>=7.0.0,<8.0.0)", "tornado (>=6.5,<7.0)"]
http2 = ["httpx[http2]"]
job-queue = ["apscheduler (>=3.10.4,<3.12.0)"]
passport = ["cffi (>=1.17.0rc1) ; python_version > \"3.12\"", "cryptography (>=39.0.1)"]
rate-limiter = ["aiolimiter (>=1.1,<1.3)"]
socks = ["httpx[socks]"]
webhooks = ["tornado (>=6.5,<7.0)"]

[[package]]
name = "typing-extensions"
version = "4.15.0"
description = "Backported and Experimental Type Hints for Python 3.9+"
optional = false
python-versions = ">=3.9"
groups = ["main"]
markers = "python_version < \"3.13\""
files = [
    {file = "typing_extensions-4.15.0-py3-none-any.whl", hash = "sha256:f0fa19c6845758ab08074a0cfa8b7aecb71c999ca73d62883bc25cc018c4e548"},
    {file = "typing_extensions-4.15.0.tar.gz", hash = "sha256:0cea48d173cc12fa28ecabc3b837ea3cf6f38c6d1136f85cbaaf598984861466"},
]

[[package]]
name = "tzdata"
version = "2026.1"
description = "Provider of IANA time zone data"
optional = false
python-versions = ">=2"
groups = ["main"]
markers = "platform_system == \"Windows\""
files = [
    {file = "tzdata-2026.1-py2.py3-none-any.whl", hash = "sha256:4b1d2be7ac37ceafd7327b961aa3a54e467efbdb563a23655fbfe0d39cfc42a9"},
    {file = "tzdata-2026.1.tar.gz", hash = "sha256:67658a1903c75917309e753fdc349ac0efd8c27db7a0cb406a25be4840f87f98"},
]

[[package]]
name = "tzlocal"
version = "5.3.1"
description = "tzinfo object for the local timezone"
optional = false
python-versions = ">=3.9"
groups = ["main"]
files = [
    {file = "tzlocal-5.3.1-py3-none-any.whl", hash = "sha256:eb1a66c3ef5847adf7a834f1be0800581b683b5608e74f86ecbcef8ab91bb85d"},
    {file = "tzlocal-5.3.1.tar.gz", hash = "sha256:cceffc7edecefea1f595541dbd6e990cb1ea3d19bf01b2809f362a03dd7921fd"},
]

[package.dependencies]
tzdata = {version = "*", markers = "platform_system == \"Windows\""}

[package.extras]
devenv = ["check-manifest", "pytest (>=4.3)", "pytest-cov", "pytest-mock (>=3.3)", "zest.releaser"]

[metadata]
lock-version = "2.1"
python-versions = ">=3.10,<3.14"
content-hash = "7416ff6217f76cc5d3ae065a4560f11d41d085e26722cc9e3ef21f2f184791f7"
